{
  "name": "@omega/core-choice",
  "version": "0.0.92",
  "lockfileVersion": 1,
  "requires": true,
  "dependencies": {
    "@omega/core": {
      "version": "git+https://github.com/shashikantx/Omega-Core.git#6380cac4c904575a61d1005d6a155bab011c328f",
      "from": "git+https://github.com/shashikantx/Omega-Core.git"
    },
    "typescript": {
      "version": "3.9.7",
      "resolved": "https://registry.npmjs.org/typescript/-/typescript-3.9.7.tgz",
      "integrity": "sha512-BLbiRkiBzAwsjut4x/dsibSTB6yWpwT5qWmC2OfuCg3GgVQCSgMs4vEctYPhsaGtd0AeuuHMkjZ2h2WG8MSzRw==",
      "dev": true
    }
  }
}
